
Microsoft Visual Studio Solution File, Format Version 12.00
# Visual Studio Version 16
VisualStudioVersion = 16.0.30413.136
MinimumVisualStudioVersion = 10.0.40219.1
Project("{FAE04EC0-301F-11D3-BF4B-00C04F79EFBC}") = "WebApplicationgg", "WebApplicationgg\WebApplicationgg.csproj", "{496726CA-402A-4437-9105-6CC3172969DA}"
EndProject
Global
	GlobalSection(SolutionConfigurationPlatforms) = preSolution
		Debug|Any CPU = Debug|Any CPU
		Release|Any CPU = Release|Any CPU
	EndGlobalSection
	GlobalSection(ProjectConfigurationPlatforms) = postSolution
		{496726CA-402A-4437-9105-6CC3172969DA}.Debug|Any CPU.ActiveCfg = Debug|Any CPU
		{496726CA-402A-4437-9105-6CC3172969DA}.Debug|Any CPU.Build.0 = Debug|Any CPU
		{496726CA-402A-4437-9105-6CC3172969DA}.Release|Any CPU.ActiveCfg = Release|Any CPU
		{496726CA-402A-4437-9105-6CC3172969DA}.Release|Any CPU.Build.0 = Release|Any CPU
	EndGlobalSection
	GlobalSection(SolutionProperties) = preSolution
		HideSolutionNode = FALSE
	EndGlobalSection
	GlobalSection(ExtensibilityGlobals) = postSolution
		SolutionGuid = {3B2935CC-A7DD-4596-883F-0A334400A332}
	EndGlobalSection
EndGlobal
